
Microsoft Visual Studio Solution File, Format Version 12.00
Project("{2150E333-8FDC-42A3-9474-1A3956D46DE8}") = "Server", "Server", "{C640D92B-5ACD-4B32-96B5-811A52978D76}"
EndProject
Project("{2150E333-8FDC-42A3-9474-1A3956D46DE8}") = "Client", "Client", "{BC0091D8-E2AA-45A6-AF6D-AECBAF246B06}"
EndProject
Project("{FAE04EC0-301F-11D3-BF4B-00C04F79EFBC}") = "GeoLocator", "Server\GeoLocator\GeoLocator.csproj", "{20F1F968-41CF-470B-9E23-2EBA0A391E16}"
EndProject
Global
	GlobalSection(SolutionConfigurationPlatforms) = preSolution
		Debug|Any CPU = Debug|Any CPU
		Release|Any CPU = Release|Any CPU
	EndGlobalSection
	GlobalSection(ProjectConfigurationPlatforms) = postSolution
		{20F1F968-41CF-470B-9E23-2EBA0A391E16}.Debug|Any CPU.ActiveCfg = Debug|Any CPU
		{20F1F968-41CF-470B-9E23-2EBA0A391E16}.Debug|Any CPU.Build.0 = Debug|Any CPU
		{20F1F968-41CF-470B-9E23-2EBA0A391E16}.Release|Any CPU.ActiveCfg = Release|Any CPU
		{20F1F968-41CF-470B-9E23-2EBA0A391E16}.Release|Any CPU.Build.0 = Release|Any CPU
	EndGlobalSection
	GlobalSection(NestedProjects) = preSolution
		{20F1F968-41CF-470B-9E23-2EBA0A391E16} = {C640D92B-5ACD-4B32-96B5-811A52978D76}
	EndGlobalSection
EndGlobal
